
Microsoft Visual Studio Solution File, Format Version 11.00
# Visual Studio 2010
Project("{FAE04EC0-301F-11D3-BF4B-00C04F79EFBC}") = "Boat", "Boat\Boat.csproj", "{1F10D425-5A0D-4F18-A1A1-59A02D600EAC}"
EndProject
Global
	GlobalSection(SolutionConfigurationPlatforms) = preSolution
		Debug|Any CPU = Debug|Any CPU
		Release|Any CPU = Release|Any CPU
	EndGlobalSection
	GlobalSection(ProjectConfigurationPlatforms) = postSolution
		{1F10D425-5A0D-4F18-A1A1-59A02D600EAC}.Debug|Any CPU.ActiveCfg = Debug|Any CPU
		{1F10D425-5A0D-4F18-A1A1-59A02D600EAC}.Debug|Any CPU.Build.0 = Debug|Any CPU
		{1F10D425-5A0D-4F18-A1A1-59A02D600EAC}.Release|Any CPU.ActiveCfg = Release|Any CPU
		{1F10D425-5A0D-4F18-A1A1-59A02D600EAC}.Release|Any CPU.Build.0 = Release|Any CPU
	EndGlobalSection
	GlobalSection(SolutionProperties) = preSolution
		HideSolutionNode = FALSE
	EndGlobalSection
EndGlobal
